// !$*UTF8*$!
{
	archiveVersion = 1;
	classes = {
	};
	objectVersion = 56;
	objects = {

/* Begin PBXBuildFile section */
		B73122392B1CFDBD00907F83 /* ScribbleMobileApp.swift in Sources */ = {isa = PBXBuildFile; fileRef = B73122382B1CFDBD00907F83 /* ScribbleMobileApp.swift */; };
		B731223F2B1CFDBE00907F83 /* Assets.xcassets in Resources */ = {isa = PBXBuildFile; fileRef = B731223E2B1CFDBE00907F83 /* Assets.xcassets */; };
		B73122422B1CFDBE00907F83 /* Preview Assets.xcassets in Resources */ = {isa = PBXBuildFile; fileRef = B73122412B1CFDBE00907F83 /* Preview Assets.xcassets */; };
		B73122492B1D016D00907F83 /* Utils.swift in Sources */ = {isa = PBXBuildFile; fileRef = B7CDE8542B0D8C6200F5BB7D /* Utils.swift */; };
		B731224A2B1D017000907F83 /* Secrets.swift in Sources */ = {isa = PBXBuildFile; fileRef = B7FBDD6F2B0A9932001D4784 /* Secrets.swift */; };
		B731224B2B1D017200907F83 /* NetworkManager.swift in Sources */ = {isa = PBXBuildFile; fileRef = B7FBDD712B0AB124001D4784 /* NetworkManager.swift */; };
		B731224C2B1D017400907F83 /* ImageGeneration.swift in Sources */ = {isa = PBXBuildFile; fileRef = B77D22D72B09948A00ABADEA /* ImageGeneration.swift */; };
		B731224D2B1D017700907F83 /* GeneratedImage.swift in Sources */ = {isa = PBXBuildFile; fileRef = B75E02EC2B09888E00F60AF9 /* GeneratedImage.swift */; };
		B731224F2B1D017C00907F83 /* TimeElapsedPill.swift in Sources */ = {isa = PBXBuildFile; fileRef = B79CAF2C2B131BCE0029BE1F /* TimeElapsedPill.swift */; };
		B73122502B1D018000907F83 /* ModelPill.swift in Sources */ = {isa = PBXBuildFile; fileRef = B79CAF2E2B1321B30029BE1F /* ModelPill.swift */; };
		B73122522B1D038700907F83 /* MainView.swift in Sources */ = {isa = PBXBuildFile; fileRef = B73122512B1D038700907F83 /* MainView.swift */; };
		B75E02E92B09888E00F60AF9 /* ScribbleApp.swift in Sources */ = {isa = PBXBuildFile; fileRef = B75E02E82B09888E00F60AF9 /* ScribbleApp.swift */; };
		B75E02ED2B09888E00F60AF9 /* GeneratedImage.swift in Sources */ = {isa = PBXBuildFile; fileRef = B75E02EC2B09888E00F60AF9 /* GeneratedImage.swift */; };
		B75E02EF2B09888F00F60AF9 /* Assets.xcassets in Resources */ = {isa = PBXBuildFile; fileRef = B75E02EE2B09888F00F60AF9 /* Assets.xcassets */; };
		B75E02F22B09888F00F60AF9 /* Preview Assets.xcassets in Resources */ = {isa = PBXBuildFile; fileRef = B75E02F12B09888F00F60AF9 /* Preview Assets.xcassets */; };
		B77D22D62B0989F300ABADEA /* MainView.swift in Sources */ = {isa = PBXBuildFile; fileRef = B77D22D52B0989F300ABADEA /* MainView.swift */; };
		B77D22D82B09948A00ABADEA /* ImageGeneration.swift in Sources */ = {isa = PBXBuildFile; fileRef = B77D22D72B09948A00ABADEA /* ImageGeneration.swift */; };
		B79CAF2D2B131BCE0029BE1F /* TimeElapsedPill.swift in Sources */ = {isa = PBXBuildFile; fileRef = B79CAF2C2B131BCE0029BE1F /* TimeElapsedPill.swift */; };
		B79CAF2F2B1321B30029BE1F /* ModelPill.swift in Sources */ = {isa = PBXBuildFile; fileRef = B79CAF2E2B1321B30029BE1F /* ModelPill.swift */; };
		B7CDE8552B0D8C6200F5BB7D /* Utils.swift in Sources */ = {isa = PBXBuildFile; fileRef = B7CDE8542B0D8C6200F5BB7D /* Utils.swift */; };
		B7FBDD702B0A9932001D4784 /* Secrets.swift in Sources */ = {isa = PBXBuildFile; fileRef = B7FBDD6F2B0A9932001D4784 /* Secrets.swift */; };
		B7FBDD722B0AB124001D4784 /* NetworkManager.swift in Sources */ = {isa = PBXBuildFile; fileRef = B7FBDD712B0AB124001D4784 /* NetworkManager.swift */; };
/* End PBXBuildFile section */

/* Begin PBXFileReference section */
		B73122362B1CFDBD00907F83 /* ScribbleMobile.app */ = {isa = PBXFileReference; explicitFileType = wrapper.application; includeInIndex = 0; path = ScribbleMobile.app; sourceTree = BUILT_PRODUCTS_DIR; };
		B73122382B1CFDBD00907F83 /* ScribbleMobileApp.swift */ = {isa = PBXFileReference; lastKnownFileType = sourcecode.swift; path = ScribbleMobileApp.swift; sourceTree = "<group>"; };
		B731223E2B1CFDBE00907F83 /* Assets.xcassets */ = {isa = PBXFileReference; lastKnownFileType = folder.assetcatalog; path = Assets.xcassets; sourceTree = "<group>"; };
		B73122412B1CFDBE00907F83 /* Preview Assets.xcassets */ = {isa = PBXFileReference; lastKnownFileType = folder.assetcatalog; path = "Preview Assets.xcassets"; sourceTree = "<group>"; };
		B73122432B1CFDBE00907F83 /* ScribbleMobile.entitlements */ = {isa = PBXFileReference; lastKnownFileType = text.plist.entitlements; path = ScribbleMobile.entitlements; sourceTree = "<group>"; };
		B73122442B1CFDBE00907F83 /* Info.plist */ = {isa = PBXFileReference; lastKnownFileType = text.plist.xml; path = Info.plist; sourceTree = "<group>"; };
		B73122512B1D038700907F83 /* MainView.swift */ = {isa = PBXFileReference; lastKnownFileType = sourcecode.swift; path = MainView.swift; sourceTree = "<group>"; };
		B75E02E52B09888E00F60AF9 /* Scribble.app */ = {isa = PBXFileReference; explicitFileType = wrapper.application; includeInIndex = 0; path = Scribble.app; sourceTree = BUILT_PRODUCTS_DIR; };
		B75E02E82B09888E00F60AF9 /* ScribbleApp.swift */ = {isa = PBXFileReference; lastKnownFileType = sourcecode.swift; path = ScribbleApp.swift; sourceTree = "<group>"; };
		B75E02EC2B09888E00F60AF9 /* GeneratedImage.swift */ = {isa = PBXFileReference; lastKnownFileType = sourcecode.swift; path = GeneratedImage.swift; sourceTree = "<group>"; };
		B75E02EE2B09888F00F60AF9 /* Assets.xcassets */ = {isa = PBXFileReference; lastKnownFileType = folder.assetcatalog; path = Assets.xcassets; sourceTree = "<group>"; };
		B75E02F12B09888F00F60AF9 /* Preview Assets.xcassets */ = {isa = PBXFileReference; lastKnownFileType = folder.assetcatalog; path = "Preview Assets.xcassets"; sourceTree = "<group>"; };
		B75E02F32B09888F00F60AF9 /* Scribble.entitlements */ = {isa = PBXFileReference; lastKnownFileType = text.plist.entitlements; path = Scribble.entitlements; sourceTree = "<group>"; };
		B77D22D52B0989F300ABADEA /* MainView.swift */ = {isa = PBXFileReference; lastKnownFileType = sourcecode.swift; path = MainView.swift; sourceTree = "<group>"; };
		B77D22D72B09948A00ABADEA /* ImageGeneration.swift */ = {isa = PBXFileReference; lastKnownFileType = sourcecode.swift; path = ImageGeneration.swift; sourceTree = "<group>"; };
		B79CAF2C2B131BCE0029BE1F /* TimeElapsedPill.swift */ = {isa = PBXFileReference; lastKnownFileType = sourcecode.swift; path = TimeElapsedPill.swift; sourceTree = "<group>"; };
		B79CAF2E2B1321B30029BE1F /* ModelPill.swift */ = {isa = PBXFileReference; lastKnownFileType = sourcecode.swift; path = ModelPill.swift; sourceTree = "<group>"; };
		B7CDE8542B0D8C6200F5BB7D /* Utils.swift */ = {isa = PBXFileReference; lastKnownFileType = sourcecode.swift; path = Utils.swift; sourceTree = "<group>"; };
		B7FBDD6F2B0A9932001D4784 /* Secrets.swift */ = {isa = PBXFileReference; lastKnownFileType = sourcecode.swift; path = Secrets.swift; sourceTree = "<group>"; };
		B7FBDD712B0AB124001D4784 /* NetworkManager.swift */ = {isa = PBXFileReference; lastKnownFileType = sourcecode.swift; path = NetworkManager.swift; sourceTree = "<group>"; };
/* End PBXFileReference section */

/* Begin PBXFrameworksBuildPhase section */
		B73122332B1CFDBD00907F83 /* Frameworks */ = {
			isa = PBXFrameworksBuildPhase;
			buildActionMask = 2147483647;
			files = (
			);
			runOnlyForDeploymentPostprocessing = 0;
		};
		B75E02E22B09888E00F60AF9 /* Frameworks */ = {
			isa = PBXFrameworksBuildPhase;
			buildActionMask = 2147483647;
			files = (
			);
			runOnlyForDeploymentPostprocessing = 0;
		};
/* End PBXFrameworksBuildPhase section */

/* Begin PBXGroup section */
		B73122372B1CFDBD00907F83 /* ScribbleMobile */ = {
			isa = PBXGroup;
			children = (
				B73122382B1CFDBD00907F83 /* ScribbleMobileApp.swift */,
				B73122512B1D038700907F83 /* MainView.swift */,
				B731223E2B1CFDBE00907F83 /* Assets.xcassets */,
				B73122432B1CFDBE00907F83 /* ScribbleMobile.entitlements */,
				B73122442B1CFDBE00907F83 /* Info.plist */,
				B73122402B1CFDBE00907F83 /* Preview Content */,
			);
			path = ScribbleMobile;
			sourceTree = "<group>";
		};
		B73122402B1CFDBE00907F83 /* Preview Content */ = {
			isa = PBXGroup;
			children = (
				B73122412B1CFDBE00907F83 /* Preview Assets.xcassets */,
			);
			path = "Preview Content";
			sourceTree = "<group>";
		};
		B75E02DC2B09888E00F60AF9 = {
			isa = PBXGroup;
			children = (
				B75E02E72B09888E00F60AF9 /* Scribble */,
				B73122372B1CFDBD00907F83 /* ScribbleMobile */,
				B75E02E62B09888E00F60AF9 /* Products */,
			);
			sourceTree = "<group>";
		};
		B75E02E62B09888E00F60AF9 /* Products */ = {
			isa = PBXGroup;
			children = (
				B75E02E52B09888E00F60AF9 /* Scribble.app */,
				B73122362B1CFDBD00907F83 /* ScribbleMobile.app */,
			);
			name = Products;
			sourceTree = "<group>";
		};
		B75E02E72B09888E00F60AF9 /* Scribble */ = {
			isa = PBXGroup;
			children = (
				B75E02E82B09888E00F60AF9 /* ScribbleApp.swift */,
				B7CDE8542B0D8C6200F5BB7D /* Utils.swift */,
				B7FBDD6F2B0A9932001D4784 /* Secrets.swift */,
				B7FBDD712B0AB124001D4784 /* NetworkManager.swift */,
				B77D22D72B09948A00ABADEA /* ImageGeneration.swift */,
				B75E02EC2B09888E00F60AF9 /* GeneratedImage.swift */,
				B77D22D52B0989F300ABADEA /* MainView.swift */,
				B75E02EE2B09888F00F60AF9 /* Assets.xcassets */,
				B75E02F32B09888F00F60AF9 /* Scribble.entitlements */,
				B75E02F02B09888F00F60AF9 /* Preview Content */,
				B79CAF2C2B131BCE0029BE1F /* TimeElapsedPill.swift */,
				B79CAF2E2B1321B30029BE1F /* ModelPill.swift */,
			);
			path = Scribble;
			sourceTree = "<group>";
		};
		B75E02F02B09888F00F60AF9 /* Preview Content */ = {
			isa = PBXGroup;
			children = (
				B75E02F12B09888F00F60AF9 /* Preview Assets.xcassets */,
			);
			path = "Preview Content";
			sourceTree = "<group>";
		};
/* End PBXGroup section */

/* Begin PBXNativeTarget section */
		B73122352B1CFDBD00907F83 /* ScribbleMobile */ = {
			isa = PBXNativeTarget;
			buildConfigurationList = B73122472B1CFDBE00907F83 /* Build configuration list for PBXNativeTarget "ScribbleMobile" */;
			buildPhases = (
				B73122322B1CFDBD00907F83 /* Sources */,
				B73122332B1CFDBD00907F83 /* Frameworks */,
				B73122342B1CFDBD00907F83 /* Resources */,
			);
			buildRules = (
			);
			dependencies = (
			);
			name = ScribbleMobile;
			productName = ScribbleMobile;
			productReference = B73122362B1CFDBD00907F83 /* ScribbleMobile.app */;
			productType = "com.apple.product-type.application";
		};
		B75E02E42B09888E00F60AF9 /* Scribble */ = {
			isa = PBXNativeTarget;
			buildConfigurationList = B75E02F62B09888F00F60AF9 /* Build configuration list for PBXNativeTarget "Scribble" */;
			buildPhases = (
				B75E02E12B09888E00F60AF9 /* Sources */,
				B75E02E22B09888E00F60AF9 /* Frameworks */,
				B75E02E32B09888E00F60AF9 /* Resources */,
			);
			buildRules = (
			);
			dependencies = (
			);
			name = Scribble;
			productName = Scribble;
			productReference = B75E02E52B09888E00F60AF9 /* Scribble.app */;
			productType = "com.apple.product-type.application";
		};
/* End PBXNativeTarget section */

/* Begin PBXProject section */
		B75E02DD2B09888E00F60AF9 /* Project object */ = {
			isa = PBXProject;
			attributes = {
				BuildIndependentTargetsInParallel = 1;
				LastSwiftUpdateCheck = 1500;
				LastUpgradeCheck = 1500;
				TargetAttributes = {
					B73122352B1CFDBD00907F83 = {
						CreatedOnToolsVersion = 15.0.1;
					};
					B75E02E42B09888E00F60AF9 = {
						CreatedOnToolsVersion = 15.0.1;
					};
				};
			};
			buildConfigurationList = B75E02E02B09888E00F60AF9 /* Build configuration list for PBXProject "Scribble" */;
			compatibilityVersion = "Xcode 14.0";
			developmentRegion = en;
			hasScannedForEncodings = 0;
			knownRegions = (
				en,
				Base,
			);
			mainGroup = B75E02DC2B09888E00F60AF9;
			productRefGroup = B75E02E62B09888E00F60AF9 /* Products */;
			projectDirPath = "";
			projectRoot = "";
			targets = (
				B75E02E42B09888E00F60AF9 /* Scribble */,
				B73122352B1CFDBD00907F83 /* ScribbleMobile */,
			);
		};
/* End PBXProject section */

/* Begin PBXResourcesBuildPhase section */
		B73122342B1CFDBD00907F83 /* Resources */ = {
			isa = PBXResourcesBuildPhase;
			buildActionMask = 2147483647;
			files = (
				B73122422B1CFDBE00907F83 /* Preview Assets.xcassets in Resources */,
				B731223F2B1CFDBE00907F83 /* Assets.xcassets in Resources */,
			);
			runOnlyForDeploymentPostprocessing = 0;
		};
		B75E02E32B09888E00F60AF9 /* Resources */ = {
			isa = PBXResourcesBuildPhase;
			buildActionMask = 2147483647;
			files = (
				B75E02F22B09888F00F60AF9 /* Preview Assets.xcassets in Resources */,
				B75E02EF2B09888F00F60AF9 /* Assets.xcassets in Resources */,
			);
			runOnlyForDeploymentPostprocessing = 0;
		};
/* End PBXResourcesBuildPhase section */

/* Begin PBXSourcesBuildPhase section */
		B73122322B1CFDBD00907F83 /* Sources */ = {
			isa = PBXSourcesBuildPhase;
			buildActionMask = 2147483647;
			files = (
				B73122502B1D018000907F83 /* ModelPill.swift in Sources */,
				B731224B2B1D017200907F83 /* NetworkManager.swift in Sources */,
				B731224F2B1D017C00907F83 /* TimeElapsedPill.swift in Sources */,
				B731224D2B1D017700907F83 /* GeneratedImage.swift in Sources */,
				B731224A2B1D017000907F83 /* Secrets.swift in Sources */,
				B73122522B1D038700907F83 /* MainView.swift in Sources */,
				B73122392B1CFDBD00907F83 /* ScribbleMobileApp.swift in Sources */,
				B731224C2B1D017400907F83 /* ImageGeneration.swift in Sources */,
				B73122492B1D016D00907F83 /* Utils.swift in Sources */,
			);
			runOnlyForDeploymentPostprocessing = 0;
		};
		B75E02E12B09888E00F60AF9 /* Sources */ = {
			isa = PBXSourcesBuildPhase;
			buildActionMask = 2147483647;
			files = (
				B79CAF2F2B1321B30029BE1F /* ModelPill.swift in Sources */,
				B7FBDD722B0AB124001D4784 /* NetworkManager.swift in Sources */,
				B75E02ED2B09888E00F60AF9 /* GeneratedImage.swift in Sources */,
				B7FBDD702B0A9932001D4784 /* Secrets.swift in Sources */,
				B7CDE8552B0D8C6200F5BB7D /* Utils.swift in Sources */,
				B77D22D62B0989F300ABADEA /* MainView.swift in Sources */,
				B75E02E92B09888E00F60AF9 /* ScribbleApp.swift in Sources */,
				B79CAF2D2B131BCE0029BE1F /* TimeElapsedPill.swift in Sources */,
				B77D22D82B09948A00ABADEA /* ImageGeneration.swift in Sources */,
			);
			runOnlyForDeploymentPostprocessing = 0;
		};
/* End PBXSourcesBuildPhase section */

/* Begin XCBuildConfiguration section */
		B73122452B1CFDBE00907F83 /* Debug */ = {
			isa = XCBuildConfiguration;
			buildSettings = {
				ASSETCATALOG_COMPILER_APPICON_NAME = AppIcon;
				ASSETCATALOG_COMPILER_GLOBAL_ACCENT_COLOR_NAME = AccentColor;
				CODE_SIGN_ENTITLEMENTS = ScribbleMobile/ScribbleMobile.entitlements;
				CODE_SIGN_STYLE = Automatic;
				CURRENT_PROJECT_VERSION = 1;
				DEVELOPMENT_ASSET_PATHS = "\"ScribbleMobile/Preview Content\"";
				DEVELOPMENT_TEAM = HM6Y2RQS2R;
				ENABLE_PREVIEWS = YES;
				GENERATE_INFOPLIST_FILE = YES;
				INFOPLIST_FILE = ScribbleMobile/Info.plist;
				INFOPLIST_KEY_UIApplicationSceneManifest_Generation = YES;
				INFOPLIST_KEY_UIApplicationSupportsIndirectInputEvents = YES;
				INFOPLIST_KEY_UILaunchScreen_Generation = YES;
				INFOPLIST_KEY_UISupportedInterfaceOrientations_iPad = "UIInterfaceOrientationPortrait UIInterfaceOrientationPortraitUpsideDown UIInterfaceOrientationLandscapeLeft UIInterfaceOrientationLandscapeRight";
				INFOPLIST_KEY_UISupportedInterfaceOrientations_iPhone = "UIInterfaceOrientationPortrait UIInterfaceOrientationLandscapeLeft UIInterfaceOrientationLandscapeRight";
				IPHONEOS_DEPLOYMENT_TARGET = 17.0;
				LD_RUNPATH_SEARCH_PATHS = (
					"$(inherited)",
					"@executable_path/Frameworks",
				);
				MARKETING_VERSION = 1.0;
				PRODUCT_BUNDLE_IDENTIFIER = atul.Scribble;
				PRODUCT_NAME = "$(TARGET_NAME)";
				SDKROOT = iphoneos;
				SWIFT_EMIT_LOC_STRINGS = YES;
				SWIFT_VERSION = 5.0;
				TARGETED_DEVICE_FAMILY = "1,2";
			};
			name = Debug;
		};
		B73122462B1CFDBE00907F83 /* Release */ = {
			isa = XCBuildConfiguration;
			buildSettings = {
				ASSETCATALOG_COMPILER_APPICON_NAME = AppIcon;
				ASSETCATALOG_COMPILER_GLOBAL_ACCENT_COLOR_NAME = AccentColor;
				CODE_SIGN_ENTITLEMENTS = ScribbleMobile/ScribbleMobile.entitlements;
				CODE_SIGN_STYLE = Automatic;
				CURRENT_PROJECT_VERSION = 1;
				DEVELOPMENT_ASSET_PATHS = "\"ScribbleMobile/Preview Content\"";
				DEVELOPMENT_TEAM = HM6Y2RQS2R;
				ENABLE_PREVIEWS = YES;
				GENERATE_INFOPLIST_FILE = YES;
				INFOPLIST_FILE = ScribbleMobile/Info.plist;
				INFOPLIST_KEY_UIApplicationSceneManifest_Generation = YES;
				INFOPLIST_KEY_UIApplicationSupportsIndirectInputEvents = YES;
				INFOPLIST_KEY_UILaunchScreen_Generation = YES;
				INFOPLIST_KEY_UISupportedInterfaceOrientations_iPad = "UIInterfaceOrientationPortrait UIInterfaceOrientationPortraitUpsideDown UIInterfaceOrientationLandscapeLeft UIInterfaceOrientationLandscapeRight";
				INFOPLIST_KEY_UISupportedInterfaceOrientations_iPhone = "UIInterfaceOrientationPortrait UIInterfaceOrientationLandscapeLeft UIInterfaceOrientationLandscapeRight";
				IPHONEOS_DEPLOYMENT_TARGET = 17.0;
				LD_RUNPATH_SEARCH_PATHS = (
					"$(inherited)",
					"@executable_path/Frameworks",
				);
				MARKETING_VERSION = 1.0;
				PRODUCT_BUNDLE_IDENTIFIER = atul.Scribble;
				PRODUCT_NAME = "$(TARGET_NAME)";
				SDKROOT = iphoneos;
				SWIFT_EMIT_LOC_STRINGS = YES;
				SWIFT_VERSION = 5.0;
				TARGETED_DEVICE_FAMILY = "1,2";
				VALIDATE_PRODUCT = YES;
			};
			name = Release;
		};
		B75E02F42B09888F00F60AF9 /* Debug */ = {
			isa = XCBuildConfiguration;
			buildSettings = {
				ALWAYS_SEARCH_USER_PATHS = NO;
				ASSETCATALOG_COMPILER_GENERATE_SWIFT_ASSET_SYMBOL_EXTENSIONS = YES;
				CLANG_ANALYZER_NONNULL = YES;
				CLANG_ANALYZER_NUMBER_OBJECT_CONVERSION = YES_AGGRESSIVE;
				CLANG_CXX_LANGUAGE_STANDARD = "gnu++20";
				CLANG_ENABLE_MODULES = YES;
				CLANG_ENABLE_OBJC_ARC = YES;
				CLANG_ENABLE_OBJC_WEAK = YES;
				CLANG_WARN_BLOCK_CAPTURE_AUTORELEASING = YES;
				CLANG_WARN_BOOL_CONVERSION = YES;
				CLANG_WARN_COMMA = YES;
				CLANG_WARN_CONSTANT_CONVERSION = YES;
				CLANG_WARN_DEPRECATED_OBJC_IMPLEMENTATIONS = YES;
				CLANG_WARN_DIRECT_OBJC_ISA_USAGE = YES_ERROR;
				CLANG_WARN_DOCUMENTATION_COMMENTS = YES;
				CLANG_WARN_EMPTY_BODY = YES;
				CLANG_WARN_ENUM_CONVERSION = YES;
				CLANG_WARN_INFINITE_RECURSION = YES;
				CLANG_WARN_INT_CONVERSION = YES;
				CLANG_WARN_NON_LITERAL_NULL_CONVERSION = YES;
				CLANG_WARN_OBJC_IMPLICIT_RETAIN_SELF = YES;
				CLANG_WARN_OBJC_LITERAL_CONVERSION = YES;
				CLANG_WARN_OBJC_ROOT_CLASS = YES_ERROR;
				CLANG_WARN_QUOTED_INCLUDE_IN_FRAMEWORK_HEADER = YES;
				CLANG_WARN_RANGE_LOOP_ANALYSIS = YES;
				CLANG_WARN_STRICT_PROTOTYPES = YES;
				CLANG_WARN_SUSPICIOUS_MOVE = YES;
				CLANG_WARN_UNGUARDED_AVAILABILITY = YES_AGGRESSIVE;
				CLANG_WARN_UNREACHABLE_CODE = YES;
				CLANG_WARN__DUPLICATE_METHOD_MATCH = YES;
				COPY_PHASE_STRIP = NO;
				DEBUG_INFORMATION_FORMAT = dwarf;
				ENABLE_STRICT_OBJC_MSGSEND = YES;
				ENABLE_TESTABILITY = YES;
				ENABLE_USER_SCRIPT_SANDBOXING = YES;
				GCC_C_LANGUAGE_STANDARD = gnu17;
				GCC_DYNAMIC_NO_PIC = NO;
				GCC_NO_COMMON_BLOCKS = YES;
				GCC_OPTIMIZATION_LEVEL = 0;
				GCC_PREPROCESSOR_DEFINITIONS = (
					"DEBUG=1",
					"$(inherited)",
				);
				GCC_WARN_64_TO_32_BIT_CONVERSION = YES;
				GCC_WARN_ABOUT_RETURN_TYPE = YES_ERROR;
				GCC_WARN_UNDECLARED_SELECTOR = YES;
				GCC_WARN_UNINITIALIZED_AUTOS = YES_AGGRESSIVE;
				GCC_WARN_UNUSED_FUNCTION = YES;
				GCC_WARN_UNUSED_VARIABLE = YES;
				LOCALIZATION_PREFERS_STRING_CATALOGS = YES;
				MACOSX_DEPLOYMENT_TARGET = 14.0;
				MTL_ENABLE_DEBUG_INFO = INCLUDE_SOURCE;
				MTL_FAST_MATH = YES;
				ONLY_ACTIVE_ARCH = YES;
				SDKROOT = macosx;
				SWIFT_ACTIVE_COMPILATION_CONDITIONS = "DEBUG $(inherited)";
				SWIFT_OPTIMIZATION_LEVEL = "-Onone";
			};
			name = Debug;
		};
		B75E02F52B09888F00F60AF9 /* Release */ = {
			isa = XCBuildConfiguration;
			buildSettings = {
				ALWAYS_SEARCH_USER_PATHS = NO;
				ASSETCATALOG_COMPILER_GENERATE_SWIFT_ASSET_SYMBOL_EXTENSIONS = YES;
				CLANG_ANALYZER_NONNULL = YES;
				CLANG_ANALYZER_NUMBER_OBJECT_CONVERSION = YES_AGGRESSIVE;
				CLANG_CXX_LANGUAGE_STANDARD = "gnu++20";
				CLANG_ENABLE_MODULES = YES;
				CLANG_ENABLE_OBJC_ARC = YES;
				CLANG_ENABLE_OBJC_WEAK = YES;
				CLANG_WARN_BLOCK_CAPTURE_AUTORELEASING = YES;
				CLANG_WARN_BOOL_CONVERSION = YES;
				CLANG_WARN_COMMA = YES;
				CLANG_WARN_CONSTANT_CONVERSION = YES;
				CLANG_WARN_DEPRECATED_OBJC_IMPLEMENTATIONS = YES;
				CLANG_WARN_DIRECT_OBJC_ISA_USAGE = YES_ERROR;
				CLANG_WARN_DOCUMENTATION_COMMENTS = YES;
				CLANG_WARN_EMPTY_BODY = YES;
				CLANG_WARN_ENUM_CONVERSION = YES;
				CLANG_WARN_INFINITE_RECURSION = YES;
				CLANG_WARN_INT_CONVERSION = YES;
				CLANG_WARN_NON_LITERAL_NULL_CONVERSION = YES;
				CLANG_WARN_OBJC_IMPLICIT_RETAIN_SELF = YES;
				CLANG_WARN_OBJC_LITERAL_CONVERSION = YES;
				CLANG_WARN_OBJC_ROOT_CLASS = YES_ERROR;
				CLANG_WARN_QUOTED_INCLUDE_IN_FRAMEWORK_HEADER = YES;
				CLANG_WARN_RANGE_LOOP_ANALYSIS = YES;
				CLANG_WARN_STRICT_PROTOTYPES = YES;
				CLANG_WARN_SUSPICIOUS_MOVE = YES;
				CLANG_WARN_UNGUARDED_AVAILABILITY = YES_AGGRESSIVE;
				CLANG_WARN_UNREACHABLE_CODE = YES;
				CLANG_WARN__DUPLICATE_METHOD_MATCH = YES;
				COPY_PHASE_STRIP = NO;
				DEBUG_INFORMATION_FORMAT = "dwarf-with-dsym";
				ENABLE_NS_ASSERTIONS = NO;
				ENABLE_STRICT_OBJC_MSGSEND = YES;
				ENABLE_USER_SCRIPT_SANDBOXING = YES;
				GCC_C_LANGUAGE_STANDARD = gnu17;
				GCC_NO_COMMON_BLOCKS = YES;
				GCC_WARN_64_TO_32_BIT_CONVERSION = YES;
				GCC_WARN_ABOUT_RETURN_TYPE = YES_ERROR;
				GCC_WARN_UNDECLARED_SELECTOR = YES;
				GCC_WARN_UNINITIALIZED_AUTOS = YES_AGGRESSIVE;
				GCC_WARN_UNUSED_FUNCTION = YES;
				GCC_WARN_UNUSED_VARIABLE = YES;
				LOCALIZATION_PREFERS_STRING_CATALOGS = YES;
				MACOSX_DEPLOYMENT_TARGET = 14.0;
				MTL_ENABLE_DEBUG_INFO = NO;
				MTL_FAST_MATH = YES;
				SDKROOT = macosx;
				SWIFT_COMPILATION_MODE = wholemodule;
			};
			name = Release;
		};
		B75E02F72B09888F00F60AF9 /* Debug */ = {
			isa = XCBuildConfiguration;
			buildSettings = {
				ASSETCATALOG_COMPILER_APPICON_NAME = AppIcon;
				ASSETCATALOG_COMPILER_GLOBAL_ACCENT_COLOR_NAME = AccentColor;
				CODE_SIGN_ENTITLEMENTS = Scribble/Scribble.entitlements;
				CODE_SIGN_STYLE = Automatic;
				COMBINE_HIDPI_IMAGES = YES;
				CURRENT_PROJECT_VERSION = 1;
				DEVELOPMENT_ASSET_PATHS = "\"Scribble/Preview Content\"";
				DEVELOPMENT_TEAM = HM6Y2RQS2R;
				ENABLE_HARDENED_RUNTIME = YES;
				ENABLE_PREVIEWS = YES;
				GENERATE_INFOPLIST_FILE = YES;
				INFOPLIST_KEY_LSApplicationCategoryType = "public.app-category.graphics-design";
				INFOPLIST_KEY_LSUIElement = YES;
				INFOPLIST_KEY_NSHumanReadableCopyright = "";
				LD_RUNPATH_SEARCH_PATHS = (
					"$(inherited)",
					"@executable_path/../Frameworks",
				);
				MACOSX_DEPLOYMENT_TARGET = 14.0;
				MARKETING_VERSION = 1.0;
				PRODUCT_BUNDLE_IDENTIFIER = atul.Scribble;
				PRODUCT_NAME = "$(TARGET_NAME)";
				SWIFT_EMIT_LOC_STRINGS = YES;
				SWIFT_VERSION = 5.0;
			};
			name = Debug;
		};
		B75E02F82B09888F00F60AF9 /* Release */ = {
			isa = XCBuildConfiguration;
			buildSettings = {
				ASSETCATALOG_COMPILER_APPICON_NAME = AppIcon;
				ASSETCATALOG_COMPILER_GLOBAL_ACCENT_COLOR_NAME = AccentColor;
				CODE_SIGN_ENTITLEMENTS = Scribble/Scribble.entitlements;
				CODE_SIGN_STYLE = Automatic;
				COMBINE_HIDPI_IMAGES = YES;
				CURRENT_PROJECT_VERSION = 1;
				DEVELOPMENT_ASSET_PATHS = "\"Scribble/Preview Content\"";
				DEVELOPMENT_TEAM = HM6Y2RQS2R;
				ENABLE_HARDENED_RUNTIME = YES;
				ENABLE_PREVIEWS = YES;
				GENERATE_INFOPLIST_FILE = YES;
				INFOPLIST_KEY_LSApplicationCategoryType = "public.app-category.graphics-design";
				INFOPLIST_KEY_LSUIElement = YES;
				INFOPLIST_KEY_NSHumanReadableCopyright = "";
				LD_RUNPATH_SEARCH_PATHS = (
					"$(inherited)",
					"@executable_path/../Frameworks",
				);
				MACOSX_DEPLOYMENT_TARGET = 14.0;
				MARKETING_VERSION = 1.0;
				PRODUCT_BUNDLE_IDENTIFIER = atul.Scribble;
				PRODUCT_NAME = "$(TARGET_NAME)";
				SWIFT_EMIT_LOC_STRINGS = YES;
				SWIFT_VERSION = 5.0;
			};
			name = Release;
		};
/* End XCBuildConfiguration section */

/* Begin XCConfigurationList section */
		B73122472B1CFDBE00907F83 /* Build configuration list for PBXNativeTarget "ScribbleMobile" */ = {
			isa = XCConfigurationList;
			buildConfigurations = (
				B73122452B1CFDBE00907F83 /* Debug */,
				B73122462B1CFDBE00907F83 /* Release */,
			);
			defaultConfigurationIsVisible = 0;
			defaultConfigurationName = Release;
		};
		B75E02E02B09888E00F60AF9 /* Build configuration list for PBXProject "Scribble" */ = {
			isa = XCConfigurationList;
			buildConfigurations = (
				B75E02F42B09888F00F60AF9 /* Debug */,
				B75E02F52B09888F00F60AF9 /* Release */,
			);
			defaultConfigurationIsVisible = 0;
			defaultConfigurationName = Release;
		};
		B75E02F62B09888F00F60AF9 /* Build configuration list for PBXNativeTarget "Scribble" */ = {
			isa = XCConfigurationList;
			buildConfigurations = (
				B75E02F72B09888F00F60AF9 /* Debug */,
				B75E02F82B09888F00F60AF9 /* Release */,
			);
			defaultConfigurationIsVisible = 0;
			defaultConfigurationName = Release;
		};
/* End XCConfigurationList section */
	};
	rootObject = B75E02DD2B09888E00F60AF9 /* Project object */;
}
